// !$*UTF8*$!
{
	archiveVersion = 1;
	classes = {
	};
	objectVersion = 46;
	objects = {

/* Begin PBXBuildFile section */
		2341E87018B1CEED005C29B7 /* maintest.cpp in Sources */ = {isa = PBXBuildFile; fileRef = 2341E86E18B1CEED005C29B7 /* maintest.cpp */; };
		2341E87718B25AF7005C29B7 /* example.cpp in Sources */ = {isa = PBXBuildFile; fileRef = 2341E87618B25AF7005C29B7 /* example.cpp */; };
		2341E87818B25AF7005C29B7 /* example.cpp in Sources */ = {isa = PBXBuildFile; fileRef = 2341E87618B25AF7005C29B7 /* example.cpp */; };
		2341E87F18B2F9FC005C29B7 /* fizzbuzz.cpp in Sources */ = {isa = PBXBuildFile; fileRef = 2341E87D18B2F9FC005C29B7 /* fizzbuzz.cpp */; };
		2341E88018B2F9FC005C29B7 /* fizzbuzz.cpp in Sources */ = {isa = PBXBuildFile; fileRef = 2341E87D18B2F9FC005C29B7 /* fizzbuzz.cpp */; };
		2377EE0F18AF9F0B0045026E /* Makefile in Sources */ = {isa = PBXBuildFile; fileRef = 23B9B06B18AF9D1B008E2250 /* Makefile */; };
		2377EE3118B000690045026E /* example-class.cpp in Sources */ = {isa = PBXBuildFile; fileRef = 2377EE2C18B000690045026E /* example-class.cpp */; };
		2377EE3318B000690045026E /* example-simple.cpp in Sources */ = {isa = PBXBuildFile; fileRef = 2377EE2D18B000690045026E /* example-simple.cpp */; };
		2377EE3518B000690045026E /* example-static.cpp in Sources */ = {isa = PBXBuildFile; fileRef = 2377EE2E18B000690045026E /* example-static.cpp */; };
		23B9B07318AF9DD9008E2250 /* Makefile in Sources */ = {isa = PBXBuildFile; fileRef = 23B9B06B18AF9D1B008E2250 /* Makefile */; };
		23DBDD4218B1CD0E002E8717 /* Makefile in Sources */ = {isa = PBXBuildFile; fileRef = 23B9B06B18AF9D1B008E2250 /* Makefile */; };
		23F62C6D18B38CDA00E06AAC /* coroutine.cpp in Sources */ = {isa = PBXBuildFile; fileRef = 23F62C6B18B38CDA00E06AAC /* coroutine.cpp */; };
		23F62C6E18B38CDA00E06AAC /* coroutine.cpp in Sources */ = {isa = PBXBuildFile; fileRef = 23F62C6B18B38CDA00E06AAC /* coroutine.cpp */; };
		23F62C6F18B38CDA00E06AAC /* coroutine.cpp in Sources */ = {isa = PBXBuildFile; fileRef = 23F62C6B18B38CDA00E06AAC /* coroutine.cpp */; };
		23F62C7018B38CDA00E06AAC /* wolffia.cpp in Sources */ = {isa = PBXBuildFile; fileRef = 23F62C6C18B38CDA00E06AAC /* wolffia.cpp */; };
		23F62C7118B38CDA00E06AAC /* wolffia.cpp in Sources */ = {isa = PBXBuildFile; fileRef = 23F62C6C18B38CDA00E06AAC /* wolffia.cpp */; };
		23F62C7218B38CDA00E06AAC /* wolffia.cpp in Sources */ = {isa = PBXBuildFile; fileRef = 23F62C6C18B38CDA00E06AAC /* wolffia.cpp */; };
/* End PBXBuildFile section */

/* Begin PBXCopyFilesBuildPhase section */
		2377EE1218AF9F0B0045026E /* CopyFiles */ = {
			isa = PBXCopyFilesBuildPhase;
			buildActionMask = 2147483647;
			dstPath = /usr/share/man/man1/;
			dstSubfolderSpec = 0;
			files = (
			);
			runOnlyForDeploymentPostprocessing = 1;
		};
		23B9B07618AF9DD9008E2250 /* CopyFiles */ = {
			isa = PBXCopyFilesBuildPhase;
			buildActionMask = 2147483647;
			dstPath = /usr/share/man/man1/;
			dstSubfolderSpec = 0;
			files = (
			);
			runOnlyForDeploymentPostprocessing = 1;
		};
		23DBDD4518B1CD0E002E8717 /* CopyFiles */ = {
			isa = PBXCopyFilesBuildPhase;
			buildActionMask = 2147483647;
			dstPath = /usr/share/man/man1/;
			dstSubfolderSpec = 0;
			files = (
			);
			runOnlyForDeploymentPostprocessing = 1;
		};
/* End PBXCopyFilesBuildPhase section */

/* Begin PBXFileReference section */
		2341E86E18B1CEED005C29B7 /* maintest.cpp */ = {isa = PBXFileReference; fileEncoding = 4; lastKnownFileType = sourcecode.cpp.cpp; path = maintest.cpp; sourceTree = "<group>"; };
		2341E86F18B1CEED005C29B7 /* maintest.h */ = {isa = PBXFileReference; fileEncoding = 4; lastKnownFileType = sourcecode.c.h; path = maintest.h; sourceTree = "<group>"; };
		2341E87618B25AF7005C29B7 /* example.cpp */ = {isa = PBXFileReference; fileEncoding = 4; lastKnownFileType = sourcecode.cpp.cpp; name = example.cpp; path = examples/example.cpp; sourceTree = "<group>"; };
		2341E87D18B2F9FC005C29B7 /* fizzbuzz.cpp */ = {isa = PBXFileReference; fileEncoding = 4; lastKnownFileType = sourcecode.cpp.cpp; name = fizzbuzz.cpp; path = examples/fizzbuzz.cpp; sourceTree = "<group>"; };
		2341E87E18B2F9FC005C29B7 /* fizzbuzz.h */ = {isa = PBXFileReference; fileEncoding = 4; lastKnownFileType = sourcecode.c.h; name = fizzbuzz.h; path = examples/fizzbuzz.h; sourceTree = "<group>"; };
		2377EE1718AF9F250045026E /* index */ = {isa = PBXFileReference; explicitFileType = "compiled.mach-o.executable"; includeInIndex = 0; path = index; sourceTree = BUILT_PRODUCTS_DIR; };
		2377EE2C18B000690045026E /* example-class.cpp */ = {isa = PBXFileReference; fileEncoding = 4; lastKnownFileType = sourcecode.cpp.cpp; name = "example-class.cpp"; path = "examples/example-class.cpp"; sourceTree = "<group>"; };
		2377EE2D18B000690045026E /* example-simple.cpp */ = {isa = PBXFileReference; fileEncoding = 4; lastKnownFileType = sourcecode.cpp.cpp; name = "example-simple.cpp"; path = "examples/example-simple.cpp"; sourceTree = "<group>"; };
		2377EE2E18B000690045026E /* example-static.cpp */ = {isa = PBXFileReference; fileEncoding = 4; lastKnownFileType = sourcecode.cpp.cpp; name = "example-static.cpp"; path = "examples/example-static.cpp"; sourceTree = "<group>"; };
		23B9B06B18AF9D1B008E2250 /* Makefile */ = {isa = PBXFileReference; explicitFileType = sourcecode.make; fileEncoding = 4; path = Makefile; sourceTree = "<group>"; usesTabs = 1; };
		23B9B06C18AF9D1B008E2250 /* README.md */ = {isa = PBXFileReference; fileEncoding = 4; lastKnownFileType = text; path = README.md; sourceTree = "<group>"; };
		23B9B07A18AF9DD9008E2250 /* example */ = {isa = PBXFileReference; explicitFileType = "compiled.mach-o.executable"; includeInIndex = 0; path = example; sourceTree = BUILT_PRODUCTS_DIR; };
		23DBDD4918B1CD0E002E8717 /* Tests */ = {isa = PBXFileReference; explicitFileType = "compiled.mach-o.executable"; includeInIndex = 0; path = Tests; sourceTree = BUILT_PRODUCTS_DIR; };
		23F62C6818B38CDA00E06AAC /* coroutine.h */ = {isa = PBXFileReference; fileEncoding = 4; lastKnownFileType = sourcecode.c.h; path = coroutine.h; sourceTree = "<group>"; };
		23F62C6918B38CDA00E06AAC /* wolffia.h */ = {isa = PBXFileReference; fileEncoding = 4; lastKnownFileType = sourcecode.c.h; path = wolffia.h; sourceTree = "<group>"; };
		23F62C6B18B38CDA00E06AAC /* coroutine.cpp */ = {isa = PBXFileReference; fileEncoding = 4; lastKnownFileType = sourcecode.cpp.cpp; path = coroutine.cpp; sourceTree = "<group>"; };
		23F62C6C18B38CDA00E06AAC /* wolffia.cpp */ = {isa = PBXFileReference; fileEncoding = 4; lastKnownFileType = sourcecode.cpp.cpp; path = wolffia.cpp; sourceTree = "<group>"; };
/* End PBXFileReference section */

/* Begin PBXFrameworksBuildPhase section */
		2377EE1118AF9F0B0045026E /* Frameworks */ = {
			isa = PBXFrameworksBuildPhase;
			buildActionMask = 2147483647;
			files = (
			);
			runOnlyForDeploymentPostprocessing = 0;
		};
		23B9B07518AF9DD9008E2250 /* Frameworks */ = {
			isa = PBXFrameworksBuildPhase;
			buildActionMask = 2147483647;
			files = (
			);
			runOnlyForDeploymentPostprocessing = 0;
		};
		23DBDD4418B1CD0E002E8717 /* Frameworks */ = {
			isa = PBXFrameworksBuildPhase;
			buildActionMask = 2147483647;
			files = (
			);
			runOnlyForDeploymentPostprocessing = 0;
		};
/* End PBXFrameworksBuildPhase section */

/* Begin PBXGroup section */
		23B9B05318AF9CBA008E2250 = {
			isa = PBXGroup;
			children = (
				23F62C6A18B38CDA00E06AAC /* src */,
				23F62C6718B38CDA00E06AAC /* include */,
				23B9B06B18AF9D1B008E2250 /* Makefile */,
				23B9B06C18AF9D1B008E2250 /* README.md */,
				23DBDD3918B1CCB9002E8717 /* tests */,
				23B9B07C18AF9E5F008E2250 /* Examples */,
				23B9B07B18AF9E52008E2250 /* Product */,
			);
			sourceTree = "<group>";
		};
		23B9B07B18AF9E52008E2250 /* Product */ = {
			isa = PBXGroup;
			children = (
				23DBDD4918B1CD0E002E8717 /* Tests */,
				23B9B07A18AF9DD9008E2250 /* example */,
				2377EE1718AF9F250045026E /* index */,
			);
			name = Product;
			sourceTree = "<group>";
		};
		23B9B07C18AF9E5F008E2250 /* Examples */ = {
			isa = PBXGroup;
			children = (
				2341E87D18B2F9FC005C29B7 /* fizzbuzz.cpp */,
				2341E87E18B2F9FC005C29B7 /* fizzbuzz.h */,
				2341E87618B25AF7005C29B7 /* example.cpp */,
				2377EE2C18B000690045026E /* example-class.cpp */,
				2377EE2D18B000690045026E /* example-simple.cpp */,
				2377EE2E18B000690045026E /* example-static.cpp */,
			);
			name = Examples;
			sourceTree = "<group>";
		};
		23DBDD3918B1CCB9002E8717 /* tests */ = {
			isa = PBXGroup;
			children = (
				2341E86E18B1CEED005C29B7 /* maintest.cpp */,
				2341E86F18B1CEED005C29B7 /* maintest.h */,
			);
			path = tests;
			sourceTree = "<group>";
		};
		23F62C6718B38CDA00E06AAC /* include */ = {
			isa = PBXGroup;
			children = (
				23F62C6818B38CDA00E06AAC /* coroutine.h */,
				23F62C6918B38CDA00E06AAC /* wolffia.h */,
			);
			path = include;
			sourceTree = "<group>";
		};
		23F62C6A18B38CDA00E06AAC /* src */ = {
			isa = PBXGroup;
			children = (
				23F62C6B18B38CDA00E06AAC /* coroutine.cpp */,
				23F62C6C18B38CDA00E06AAC /* wolffia.cpp */,
			);
			path = src;
			sourceTree = "<group>";
		};
/* End PBXGroup section */

/* Begin PBXNativeTarget section */
		2377EE0D18AF9F0B0045026E /* index */ = {
			isa = PBXNativeTarget;
			buildConfigurationList = 2377EE1318AF9F0B0045026E /* Build configuration list for PBXNativeTarget "index" */;
			buildPhases = (
				2377EE0E18AF9F0B0045026E /* Sources */,
				2377EE1118AF9F0B0045026E /* Frameworks */,
				2377EE1218AF9F0B0045026E /* CopyFiles */,
			);
			buildRules = (
			);
			dependencies = (
			);
			name = index;
			productName = coroutine;
			productReference = 2377EE1718AF9F250045026E /* index */;
			productType = "com.apple.product-type.tool";
		};
		23B9B07118AF9DD9008E2250 /* example */ = {
			isa = PBXNativeTarget;
			buildConfigurationList = 23B9B07718AF9DD9008E2250 /* Build configuration list for PBXNativeTarget "example" */;
			buildPhases = (
				23B9B07218AF9DD9008E2250 /* Sources */,
				23B9B07518AF9DD9008E2250 /* Frameworks */,
				23B9B07618AF9DD9008E2250 /* CopyFiles */,
			);
			buildRules = (
			);
			dependencies = (
			);
			name = example;
			productName = coroutine;
			productReference = 23B9B07A18AF9DD9008E2250 /* example */;
			productType = "com.apple.product-type.tool";
		};
		23DBDD3E18B1CD0E002E8717 /* tests */ = {
			isa = PBXNativeTarget;
			buildConfigurationList = 23DBDD4618B1CD0E002E8717 /* Build configuration list for PBXNativeTarget "tests" */;
			buildPhases = (
				23DBDD3F18B1CD0E002E8717 /* Sources */,
				23DBDD4418B1CD0E002E8717 /* Frameworks */,
				23DBDD4518B1CD0E002E8717 /* CopyFiles */,
			);
			buildRules = (
			);
			dependencies = (
			);
			name = tests;
			productName = coroutine;
			productReference = 23DBDD4918B1CD0E002E8717 /* Tests */;
			productType = "com.apple.product-type.tool";
		};
/* End PBXNativeTarget section */

/* Begin PBXProject section */
		23B9B05418AF9CBA008E2250 /* Project object */ = {
			isa = PBXProject;
			attributes = {
				LastUpgradeCheck = 0500;
				ORGANIZATIONNAME = "Parker Kane";
			};
			buildConfigurationList = 23B9B05718AF9CBA008E2250 /* Build configuration list for PBXProject "wolffiaCo" */;
			compatibilityVersion = "Xcode 3.2";
			developmentRegion = English;
			hasScannedForEncodings = 0;
			knownRegions = (
				en,
			);
			mainGroup = 23B9B05318AF9CBA008E2250;
			productRefGroup = 23B9B05318AF9CBA008E2250;
			projectDirPath = "";
			projectRoot = "";
			targets = (
				23B9B07118AF9DD9008E2250 /* example */,
				23DBDD3E18B1CD0E002E8717 /* tests */,
				2377EE0D18AF9F0B0045026E /* index */,
			);
		};
/* End PBXProject section */

/* Begin PBXSourcesBuildPhase section */
		2377EE0E18AF9F0B0045026E /* Sources */ = {
			isa = PBXSourcesBuildPhase;
			buildActionMask = 2147483647;
			files = (
				2341E87818B25AF7005C29B7 /* example.cpp in Sources */,
				2377EE3118B000690045026E /* example-class.cpp in Sources */,
				23F62C6F18B38CDA00E06AAC /* coroutine.cpp in Sources */,
				2377EE3518B000690045026E /* example-static.cpp in Sources */,
				23F62C7218B38CDA00E06AAC /* wolffia.cpp in Sources */,
				2377EE3318B000690045026E /* example-simple.cpp in Sources */,
				2341E88018B2F9FC005C29B7 /* fizzbuzz.cpp in Sources */,
				2377EE0F18AF9F0B0045026E /* Makefile in Sources */,
			);
			runOnlyForDeploymentPostprocessing = 0;
		};
		23B9B07218AF9DD9008E2250 /* Sources */ = {
			isa = PBXSourcesBuildPhase;
			buildActionMask = 2147483647;
			files = (
				2341E87718B25AF7005C29B7 /* example.cpp in Sources */,
				23B9B07318AF9DD9008E2250 /* Makefile in Sources */,
				23F62C6D18B38CDA00E06AAC /* coroutine.cpp in Sources */,
				2341E87F18B2F9FC005C29B7 /* fizzbuzz.cpp in Sources */,
				23F62C7018B38CDA00E06AAC /* wolffia.cpp in Sources */,
			);
			runOnlyForDeploymentPostprocessing = 0;
		};
		23DBDD3F18B1CD0E002E8717 /* Sources */ = {
			isa = PBXSourcesBuildPhase;
			buildActionMask = 2147483647;
			files = (
				23F62C7118B38CDA00E06AAC /* wolffia.cpp in Sources */,
				23DBDD4218B1CD0E002E8717 /* Makefile in Sources */,
				2341E87018B1CEED005C29B7 /* maintest.cpp in Sources */,
				23F62C6E18B38CDA00E06AAC /* coroutine.cpp in Sources */,
			);
			runOnlyForDeploymentPostprocessing = 0;
		};
/* End PBXSourcesBuildPhase section */

/* Begin XCBuildConfiguration section */
		2377EE1418AF9F0B0045026E /* Debug */ = {
			isa = XCBuildConfiguration;
			buildSettings = {
				PRODUCT_NAME = index;
			};
			name = Debug;
		};
		2377EE1518AF9F0B0045026E /* Release */ = {
			isa = XCBuildConfiguration;
			buildSettings = {
				PRODUCT_NAME = index;
			};
			name = Release;
		};
		23B9B06318AF9CBA008E2250 /* Debug */ = {
			isa = XCBuildConfiguration;
			buildSettings = {
				ALWAYS_SEARCH_USER_PATHS = NO;
				CLANG_CXX_LANGUAGE_STANDARD = "gnu++0x";
				CLANG_CXX_LIBRARY = "libc++";
				CLANG_ENABLE_OBJC_ARC = YES;
				CLANG_WARN_BOOL_CONVERSION = YES;
				CLANG_WARN_CONSTANT_CONVERSION = YES;
				CLANG_WARN_DIRECT_OBJC_ISA_USAGE = YES_ERROR;
				CLANG_WARN_EMPTY_BODY = YES;
				CLANG_WARN_ENUM_CONVERSION = YES;
				CLANG_WARN_INT_CONVERSION = YES;
				CLANG_WARN_OBJC_ROOT_CLASS = YES_ERROR;
				CLANG_WARN__DUPLICATE_METHOD_MATCH = YES;
				COPY_PHASE_STRIP = NO;
				GCC_C_LANGUAGE_STANDARD = gnu99;
				GCC_DYNAMIC_NO_PIC = NO;
				GCC_ENABLE_OBJC_EXCEPTIONS = YES;
				GCC_OPTIMIZATION_LEVEL = 0;
				GCC_PREPROCESSOR_DEFINITIONS = (
					"DEBUG=1",
					"$(inherited)",
				);
				GCC_SYMBOLS_PRIVATE_EXTERN = NO;
				GCC_WARN_64_TO_32_BIT_CONVERSION = YES;
				GCC_WARN_ABOUT_RETURN_TYPE = YES_ERROR;
				GCC_WARN_UNDECLARED_SELECTOR = YES;
				GCC_WARN_UNINITIALIZED_AUTOS = YES;
				GCC_WARN_UNUSED_FUNCTION = YES;
				GCC_WARN_UNUSED_VARIABLE = YES;
				MACOSX_DEPLOYMENT_TARGET = 10.9;
				ONLY_ACTIVE_ARCH = YES;
				SDKROOT = macosx;
			};
			name = Debug;
		};
		23B9B06418AF9CBA008E2250 /* Release */ = {
			isa = XCBuildConfiguration;
			buildSettings = {
				ALWAYS_SEARCH_USER_PATHS = NO;
				CLANG_CXX_LANGUAGE_STANDARD = "gnu++0x";
				CLANG_CXX_LIBRARY = "libc++";
				CLANG_ENABLE_OBJC_ARC = YES;
				CLANG_WARN_BOOL_CONVERSION = YES;
				CLANG_WARN_CONSTANT_CONVERSION = YES;
				CLANG_WARN_DIRECT_OBJC_ISA_USAGE = YES_ERROR;
				CLANG_WARN_EMPTY_BODY = YES;
				CLANG_WARN_ENUM_CONVERSION = YES;
				CLANG_WARN_INT_CONVERSION = YES;
				CLANG_WARN_OBJC_ROOT_CLASS = YES_ERROR;
				CLANG_WARN__DUPLICATE_METHOD_MATCH = YES;
				COPY_PHASE_STRIP = YES;
				DEBUG_INFORMATION_FORMAT = "dwarf-with-dsym";
				ENABLE_NS_ASSERTIONS = NO;
				GCC_C_LANGUAGE_STANDARD = gnu99;
				GCC_ENABLE_OBJC_EXCEPTIONS = YES;
				GCC_WARN_64_TO_32_BIT_CONVERSION = YES;
				GCC_WARN_ABOUT_RETURN_TYPE = YES_ERROR;
				GCC_WARN_UNDECLARED_SELECTOR = YES;
				GCC_WARN_UNINITIALIZED_AUTOS = YES;
				GCC_WARN_UNUSED_FUNCTION = YES;
				GCC_WARN_UNUSED_VARIABLE = YES;
				MACOSX_DEPLOYMENT_TARGET = 10.9;
				SDKROOT = macosx;
			};
			name = Release;
		};
		23B9B07818AF9DD9008E2250 /* Debug */ = {
			isa = XCBuildConfiguration;
			buildSettings = {
				HEADER_SEARCH_PATHS = (
					"$(inherited)",
					/Applications/Xcode.app/Contents/Developer/Toolchains/XcodeDefault.xctoolchain/usr/include,
					include,
				);
				PRODUCT_NAME = example;
			};
			name = Debug;
		};
		23B9B07918AF9DD9008E2250 /* Release */ = {
			isa = XCBuildConfiguration;
			buildSettings = {
				HEADER_SEARCH_PATHS = (
					"$(inherited)",
					/Applications/Xcode.app/Contents/Developer/Toolchains/XcodeDefault.xctoolchain/usr/include,
					include,
				);
				PRODUCT_NAME = example;
			};
			name = Release;
		};
		23DBDD4718B1CD0E002E8717 /* Debug */ = {
			isa = XCBuildConfiguration;
			buildSettings = {
				HEADER_SEARCH_PATHS = (
					"$(inherited)",
					/Applications/Xcode.app/Contents/Developer/Toolchains/XcodeDefault.xctoolchain/usr/include,
					include,
				);
				PRODUCT_NAME = Tests;
			};
			name = Debug;
		};
		23DBDD4818B1CD0E002E8717 /* Release */ = {
			isa = XCBuildConfiguration;
			buildSettings = {
				HEADER_SEARCH_PATHS = (
					"$(inherited)",
					/Applications/Xcode.app/Contents/Developer/Toolchains/XcodeDefault.xctoolchain/usr/include,
					include,
				);
				PRODUCT_NAME = Tests;
			};
			name = Release;
		};
/* End XCBuildConfiguration section */

/* Begin XCConfigurationList section */
		2377EE1318AF9F0B0045026E /* Build configuration list for PBXNativeTarget "index" */ = {
			isa = XCConfigurationList;
			buildConfigurations = (
				2377EE1418AF9F0B0045026E /* Debug */,
				2377EE1518AF9F0B0045026E /* Release */,
			);
			defaultConfigurationIsVisible = 0;
			defaultConfigurationName = Release;
		};
		23B9B05718AF9CBA008E2250 /* Build configuration list for PBXProject "wolffiaCo" */ = {
			isa = XCConfigurationList;
			buildConfigurations = (
				23B9B06318AF9CBA008E2250 /* Debug */,
				23B9B06418AF9CBA008E2250 /* Release */,
			);
			defaultConfigurationIsVisible = 0;
			defaultConfigurationName = Release;
		};
		23B9B07718AF9DD9008E2250 /* Build configuration list for PBXNativeTarget "example" */ = {
			isa = XCConfigurationList;
			buildConfigurations = (
				23B9B07818AF9DD9008E2250 /* Debug */,
				23B9B07918AF9DD9008E2250 /* Release */,
			);
			defaultConfigurationIsVisible = 0;
			defaultConfigurationName = Release;
		};
		23DBDD4618B1CD0E002E8717 /* Build configuration list for PBXNativeTarget "tests" */ = {
			isa = XCConfigurationList;
			buildConfigurations = (
				23DBDD4718B1CD0E002E8717 /* Debug */,
				23DBDD4818B1CD0E002E8717 /* Release */,
			);
			defaultConfigurationIsVisible = 0;
			defaultConfigurationName = Release;
		};
/* End XCConfigurationList section */
	};
	rootObject = 23B9B05418AF9CBA008E2250 /* Project object */;
}
